
Microsoft Visual Studio Solution File, Format Version 12.00
Project("{FAE04EC0-301F-11D3-BF4B-00C04F79EFBC}") = "JWTauth", "JWTauth\JWTauth.csproj", "{72E92962-FAE2-4717-8F41-E27AA803188F}"
EndProject
Global
	GlobalSection(SolutionConfigurationPlatforms) = preSolution
		Debug|Any CPU = Debug|Any CPU
		Release|Any CPU = Release|Any CPU
	EndGlobalSection
	GlobalSection(ProjectConfigurationPlatforms) = postSolution
		{72E92962-FAE2-4717-8F41-E27AA803188F}.Debug|Any CPU.ActiveCfg = Debug|Any CPU
		{72E92962-FAE2-4717-8F41-E27AA803188F}.Debug|Any CPU.Build.0 = Debug|Any CPU
		{72E92962-FAE2-4717-8F41-E27AA803188F}.Release|Any CPU.ActiveCfg = Release|Any CPU
		{72E92962-FAE2-4717-8F41-E27AA803188F}.Release|Any CPU.Build.0 = Release|Any CPU
	EndGlobalSection
EndGlobal
